
Microsoft Visual Studio Solution File, Format Version 12.00
# Visual Studio Version 16
VisualStudioVersion = 16.0.30011.22
MinimumVisualStudioVersion = 10.0.40219.1
Project("{FAE04EC0-301F-11D3-BF4B-00C04F79EFBC}") = "Ejercicio4", "Ejercicio4.csproj", "{D80A2E04-D65E-43F0-B05F-A1F1191331A5}"
EndProject
Global
	GlobalSection(SolutionConfigurationPlatforms) = preSolution
		Debug|Any CPU = Debug|Any CPU
		Release|Any CPU = Release|Any CPU
	EndGlobalSection
	GlobalSection(ProjectConfigurationPlatforms) = postSolution
		{D80A2E04-D65E-43F0-B05F-A1F1191331A5}.Debug|Any CPU.ActiveCfg = Debug|Any CPU
		{D80A2E04-D65E-43F0-B05F-A1F1191331A5}.Debug|Any CPU.Build.0 = Debug|Any CPU
		{D80A2E04-D65E-43F0-B05F-A1F1191331A5}.Release|Any CPU.ActiveCfg = Release|Any CPU
		{D80A2E04-D65E-43F0-B05F-A1F1191331A5}.Release|Any CPU.Build.0 = Release|Any CPU
	EndGlobalSection
	GlobalSection(SolutionProperties) = preSolution
		HideSolutionNode = FALSE
	EndGlobalSection
	GlobalSection(ExtensibilityGlobals) = postSolution
		SolutionGuid = {BE889CBA-32E5-4E87-92D8-971549A3211A}
	EndGlobalSection
EndGlobal
