
Microsoft Visual Studio Solution File, Format Version 12.00
# Visual Studio Version 16
VisualStudioVersion = 16.0.30011.22
MinimumVisualStudioVersion = 10.0.40219.1
Project("{FAE04EC0-301F-11D3-BF4B-00C04F79EFBC}") = "Util", "Util\Util.csproj", "{D9313406-515B-4158-A032-B79F295C12D6}"
EndProject
Project("{FAE04EC0-301F-11D3-BF4B-00C04F79EFBC}") = "Windows", "Windows\Windows.csproj", "{42231A1D-10D8-42A1-92F7-27C027493092}"
EndProject
Project("{FAE04EC0-301F-11D3-BF4B-00C04F79EFBC}") = "Console", "Console\Console.csproj", "{9FE497D5-F5A9-4E7C-8D71-7C811D1656D2}"
EndProject
Project("{FAE04EC0-301F-11D3-BF4B-00C04F79EFBC}") = "Web", "Web\Web.csproj", "{12764E93-FC42-4AEB-AF0F-498F5BF97082}"
EndProject
Global
	GlobalSection(SolutionConfigurationPlatforms) = preSolution
		Debug|Any CPU = Debug|Any CPU
		Release|Any CPU = Release|Any CPU
	EndGlobalSection
	GlobalSection(ProjectConfigurationPlatforms) = postSolution
		{D9313406-515B-4158-A032-B79F295C12D6}.Debug|Any CPU.ActiveCfg = Debug|Any CPU
		{D9313406-515B-4158-A032-B79F295C12D6}.Debug|Any CPU.Build.0 = Debug|Any CPU
		{D9313406-515B-4158-A032-B79F295C12D6}.Release|Any CPU.ActiveCfg = Release|Any CPU
		{D9313406-515B-4158-A032-B79F295C12D6}.Release|Any CPU.Build.0 = Release|Any CPU
		{42231A1D-10D8-42A1-92F7-27C027493092}.Debug|Any CPU.ActiveCfg = Debug|Any CPU
		{42231A1D-10D8-42A1-92F7-27C027493092}.Debug|Any CPU.Build.0 = Debug|Any CPU
		{42231A1D-10D8-42A1-92F7-27C027493092}.Release|Any CPU.ActiveCfg = Release|Any CPU
		{42231A1D-10D8-42A1-92F7-27C027493092}.Release|Any CPU.Build.0 = Release|Any CPU
		{9FE497D5-F5A9-4E7C-8D71-7C811D1656D2}.Debug|Any CPU.ActiveCfg = Debug|Any CPU
		{9FE497D5-F5A9-4E7C-8D71-7C811D1656D2}.Debug|Any CPU.Build.0 = Debug|Any CPU
		{9FE497D5-F5A9-4E7C-8D71-7C811D1656D2}.Release|Any CPU.ActiveCfg = Release|Any CPU
		{9FE497D5-F5A9-4E7C-8D71-7C811D1656D2}.Release|Any CPU.Build.0 = Release|Any CPU
		{12764E93-FC42-4AEB-AF0F-498F5BF97082}.Debug|Any CPU.ActiveCfg = Debug|Any CPU
		{12764E93-FC42-4AEB-AF0F-498F5BF97082}.Debug|Any CPU.Build.0 = Debug|Any CPU
		{12764E93-FC42-4AEB-AF0F-498F5BF97082}.Release|Any CPU.ActiveCfg = Release|Any CPU
		{12764E93-FC42-4AEB-AF0F-498F5BF97082}.Release|Any CPU.Build.0 = Release|Any CPU
	EndGlobalSection
	GlobalSection(SolutionProperties) = preSolution
		HideSolutionNode = FALSE
	EndGlobalSection
	GlobalSection(ExtensibilityGlobals) = postSolution
		SolutionGuid = {05696A0C-BDA0-447F-81B3-742C68B8287B}
	EndGlobalSection
EndGlobal
