
Microsoft Visual Studio Solution File, Format Version 12.00
# Visual Studio Version 16
VisualStudioVersion = 16.0.30011.22
MinimumVisualStudioVersion = 10.0.40219.1
Project("{FAE04EC0-301F-11D3-BF4B-00C04F79EFBC}") = "LabGrillaASP", "LabGrillaASP.csproj", "{1666934F-833B-417E-AE25-BCF4B2CF9043}"
EndProject
Project("{FAE04EC0-301F-11D3-BF4B-00C04F79EFBC}") = "Negocio", "..\Negocio\Negocio.csproj", "{BD325E69-F7A7-4576-B0CB-2AB379113A2D}"
EndProject
Global
	GlobalSection(SolutionConfigurationPlatforms) = preSolution
		Debug|Any CPU = Debug|Any CPU
		Release|Any CPU = Release|Any CPU
	EndGlobalSection
	GlobalSection(ProjectConfigurationPlatforms) = postSolution
		{1666934F-833B-417E-AE25-BCF4B2CF9043}.Debug|Any CPU.ActiveCfg = Debug|Any CPU
		{1666934F-833B-417E-AE25-BCF4B2CF9043}.Debug|Any CPU.Build.0 = Debug|Any CPU
		{1666934F-833B-417E-AE25-BCF4B2CF9043}.Release|Any CPU.ActiveCfg = Release|Any CPU
		{1666934F-833B-417E-AE25-BCF4B2CF9043}.Release|Any CPU.Build.0 = Release|Any CPU
		{BD325E69-F7A7-4576-B0CB-2AB379113A2D}.Debug|Any CPU.ActiveCfg = Debug|Any CPU
		{BD325E69-F7A7-4576-B0CB-2AB379113A2D}.Debug|Any CPU.Build.0 = Debug|Any CPU
		{BD325E69-F7A7-4576-B0CB-2AB379113A2D}.Release|Any CPU.ActiveCfg = Release|Any CPU
		{BD325E69-F7A7-4576-B0CB-2AB379113A2D}.Release|Any CPU.Build.0 = Release|Any CPU
	EndGlobalSection
	GlobalSection(SolutionProperties) = preSolution
		HideSolutionNode = FALSE
	EndGlobalSection
	GlobalSection(ExtensibilityGlobals) = postSolution
		SolutionGuid = {E475F226-732A-4AB7-9F79-0482290E8653}
	EndGlobalSection
EndGlobal
