
Microsoft Visual Studio Solution File, Format Version 12.00
# Visual Studio Version 16
VisualStudioVersion = 16.0.30011.22
MinimumVisualStudioVersion = 10.0.40219.1
Project("{FAE04EC0-301F-11D3-BF4B-00C04F79EFBC}") = "LabGrilla", "LabGrilla.csproj", "{2433F797-FE36-4AAF-9F59-B72EBE8CFF53}"
EndProject
Project("{FAE04EC0-301F-11D3-BF4B-00C04F79EFBC}") = "Negocio", "..\Negocio\Negocio.csproj", "{9AC61F02-9B43-4B20-92E7-9C0653A90FB2}"
EndProject
Global
	GlobalSection(SolutionConfigurationPlatforms) = preSolution
		Debug|Any CPU = Debug|Any CPU
		Release|Any CPU = Release|Any CPU
	EndGlobalSection
	GlobalSection(ProjectConfigurationPlatforms) = postSolution
		{2433F797-FE36-4AAF-9F59-B72EBE8CFF53}.Debug|Any CPU.ActiveCfg = Debug|Any CPU
		{2433F797-FE36-4AAF-9F59-B72EBE8CFF53}.Debug|Any CPU.Build.0 = Debug|Any CPU
		{2433F797-FE36-4AAF-9F59-B72EBE8CFF53}.Release|Any CPU.ActiveCfg = Release|Any CPU
		{2433F797-FE36-4AAF-9F59-B72EBE8CFF53}.Release|Any CPU.Build.0 = Release|Any CPU
		{9AC61F02-9B43-4B20-92E7-9C0653A90FB2}.Debug|Any CPU.ActiveCfg = Debug|Any CPU
		{9AC61F02-9B43-4B20-92E7-9C0653A90FB2}.Debug|Any CPU.Build.0 = Debug|Any CPU
		{9AC61F02-9B43-4B20-92E7-9C0653A90FB2}.Release|Any CPU.ActiveCfg = Release|Any CPU
		{9AC61F02-9B43-4B20-92E7-9C0653A90FB2}.Release|Any CPU.Build.0 = Release|Any CPU
	EndGlobalSection
	GlobalSection(SolutionProperties) = preSolution
		HideSolutionNode = FALSE
	EndGlobalSection
	GlobalSection(ExtensibilityGlobals) = postSolution
		SolutionGuid = {7CCDAF43-1BDA-4BC7-965C-5083A2354208}
	EndGlobalSection
EndGlobal
